[[package]]
name = "aiokafka"
version = "0.8.0"
description = "Kafka integration with asyncio."
category = "main"
optional = false
python-versions = ">=3.7"

[package.dependencies]
async-timeout = "*"
kafka-python = ">=2.0.2"
packaging = "*"

[package.extras]
all = ["gssapi", "lz4", "python-snappy (>=0.5)", "zstandard"]
gssapi = ["gssapi"]
lz4 = ["lz4"]
snappy = ["python-snappy (>=0.5)"]
zstd = ["zstandard"]

[[package]]
name = "aiomisc"
version = "16.2.9"
description = "aiomisc - miscellaneous utils for asyncio"
category = "main"
optional = false
python-versions = ">=3.7, <4"

[package.dependencies]
colorlog = "*"
logging-journald = ">=0.6.2,<0.7.0"

[package.extras]
aiohttp = ["aiohttp"]
asgi = ["aiohttp-asgi"]
carbon = ["aiocarbon (>=0.15,<1.0)"]
cron = ["croniter (>=0.3.34,<0.4.0)"]
develop = ["aiocontextvars (==0.2.2)", "aiohttp (<4)", "aiohttp-asgi", "async-timeout", "coveralls", "croniter (>=0.3.34,<0.4.0)", "fastapi", "freezegun (<1.1)", "mypy (==0.982)", "pylava", "pytest", "pytest-cov (>=3.0,<4.0)", "pytest-freezegun (>=0.4.2,<0.5.0)", "pytest-rst (>=0.0.7)", "pytest-subtests", "raven-aiohttp", "rich", "setproctitle", "sphinx (>=3.5.1)", "sphinx-autobuild", "sphinx-intl", "timeout-decorator", "tox (>=2.4)", "types-croniter"]
raven = ["aiohttp", "raven"]
uvloop = ["uvloop (>=0.14,<1)"]

[[package]]
name = "async-timeout"
version = "4.0.2"
description = "Timeout context manager for asyncio programs"
category = "main"
optional = false
python-versions = ">=3.6"

[[package]]
name = "backoff"
version = "2.2.1"
description = "Function decoration for backoff and retry"
category = "main"
optional = false
python-versions = ">=3.7,<4.0"

[[package]]
name = "clickhouse-driver"
version = "0.2.5"
description = "Python driver with native interface for ClickHouse"
category = "main"
optional = false
python-versions = ">=3.6, <4"

[package.dependencies]
pytz = "*"
tzlocal = "*"

[package.extras]
lz4 = ["clickhouse-cityhash (>=1.0.2.1)", "lz4", "lz4 (<=3.0.1)"]
numpy = ["numpy (>=1.12.0)", "pandas (>=0.24.0)"]
zstd = ["clickhouse-cityhash (>=1.0.2.1)", "zstd"]

[[package]]
name = "colorama"
version = "0.4.6"
description = "Cross-platform colored terminal text."
category = "main"
optional = false
python-versions = "!=3.0.*,!=3.1.*,!=3.2.*,!=3.3.*,!=3.4.*,!=3.5.*,!=3.6.*,>=2.7"

[[package]]
name = "colorlog"
version = "6.7.0"
description = "Add colours to the output of Python's logging module."
category = "main"
optional = false
python-versions = ">=3.6"

[package.dependencies]
colorama = {version = "*", markers = "sys_platform == \"win32\""}

[package.extras]
development = ["black", "flake8", "mypy", "pytest", "types-colorama"]

[[package]]
name = "kafka-python"
version = "2.0.2"
description = "Pure Python client for Apache Kafka"
category = "main"
optional = false
python-versions = "*"

[package.extras]
crc32c = ["crc32c"]

[[package]]
name = "logging-journald"
version = "0.6.2"
description = "Pure python logging handler for writing logs to the journald using native protocol"
category = "main"
optional = false
python-versions = ">=3.7, <4"

[[package]]
name = "orjson"
version = "3.8.2"
description = "Fast, correct Python JSON library supporting dataclasses, datetimes, and numpy"
category = "main"
optional = false
python-versions = ">=3.7"

[[package]]
name = "packaging"
version = "21.3"
description = "Core utilities for Python packages"
category = "main"
optional = false
python-versions = ">=3.6"

[package.dependencies]
pyparsing = ">=2.0.2,<3.0.5 || >3.0.5"

[[package]]
name = "pydantic"
version = "1.10.2"
description = "Data validation and settings management using python type hints"
category = "main"
optional = false
python-versions = ">=3.7"

[package.dependencies]
typing-extensions = ">=4.1.0"

[package.extras]
dotenv = ["python-dotenv (>=0.10.4)"]
email = ["email-validator (>=1.0.3)"]

[[package]]
name = "pyparsing"
version = "3.0.9"
description = "pyparsing module - Classes and methods to define and execute parsing grammars"
category = "main"
optional = false
python-versions = ">=3.6.8"

[package.extras]
diagrams = ["jinja2", "railroad-diagrams"]

[[package]]
name = "pytz"
version = "2022.6"
description = "World timezone definitions, modern and historical"
category = "main"
optional = false
python-versions = "*"

[[package]]
name = "pytz-deprecation-shim"
version = "0.1.0.post0"
description = "Shims to make deprecation of pytz easier"
category = "main"
optional = false
python-versions = "!=3.0.*,!=3.1.*,!=3.2.*,!=3.3.*,!=3.4.*,!=3.5.*,>=2.7"

[package.dependencies]
tzdata = {version = "*", markers = "python_version >= \"3.6\""}

[[package]]
name = "typing-extensions"
version = "4.4.0"
description = "Backported and Experimental Type Hints for Python 3.7+"
category = "main"
optional = false
python-versions = ">=3.7"

[[package]]
name = "tzdata"
version = "2022.6"
description = "Provider of IANA time zone data"
category = "main"
optional = false
python-versions = ">=2"

[[package]]
name = "tzlocal"
version = "4.2"
description = "tzinfo object for the local timezone"
category = "main"
optional = false
python-versions = ">=3.6"

[package.dependencies]
pytz-deprecation-shim = "*"
tzdata = {version = "*", markers = "platform_system == \"Windows\""}

[package.extras]
devenv = ["black", "pyroma", "pytest-cov", "zest.releaser"]
test = ["pytest (>=4.3)", "pytest-mock (>=3.3)"]

[metadata]
lock-version = "1.1"
python-versions = "^3.10"
content-hash = "3d2d2acfacb32e956eebcad7cf66fcc266b78841c5f56f2651c895a90417cca2"

[metadata.files]
aiokafka = [
    {file = "aiokafka-0.8.0-cp310-cp310-macosx_10_9_x86_64.whl", hash = "sha256:f3f96301337fa7f7242f46651619b8e9e8fa8f23902dc11416fe764436d662d3"},
    {file = "aiokafka-0.8.0-cp310-cp310-manylinux_2_17_aarch64.manylinux2014_aarch64.whl", hash = "sha256:12457b59a06cff7369cace8d4460049b2ef2ab7f7cdc9c4924d577b9d4b48bf9"},
    {file = "aiokafka-0.8.0-cp310-cp310-manylinux_2_17_x86_64.manylinux2014_x86_64.whl", hash = "sha256:ec896d114be157a886e3227bbe3f00658dc4d6f17b203bc44075650817703f0b"},
    {file = "aiokafka-0.8.0-cp310-cp310-manylinux_2_5_i686.manylinux1_i686.manylinux_2_17_i686.manylinux2014_i686.whl", hash = "sha256:8857cbd76e97186e54b98ebb3ea7778fb3618826bb9e4d01375bfab0a1d93d69"},
    {file = "aiokafka-0.8.0-cp310-cp310-win32.whl", hash = "sha256:539d8584652e354e7f7bbaf8843e936d91bfc28e224a53a82e1bcb64ac7f6dda"},
    {file = "aiokafka-0.8.0-cp310-cp310-win_amd64.whl", hash = "sha256:0e9d61912678ecae6b3d407107c1a935f21d55af4585b70d8f5dcc39ecb949ce"},
    {file = "aiokafka-0.8.0-cp311-cp311-macosx_10_9_x86_64.whl", hash = "sha256:021e9f0027ca63c6c04daccfdd0e985f7a56d51bd0d43f482f674a58fada52f5"},
    {file = "aiokafka-0.8.0-cp311-cp311-manylinux_2_17_aarch64.manylinux2014_aarch64.whl", hash = "sha256:5a8038698a47333cdb0cd198cb4b3ccd2fbbc86ba9a4b9afc3eebe6544db0c2f"},
    {file = "aiokafka-0.8.0-cp311-cp311-manylinux_2_17_x86_64.manylinux2014_x86_64.whl", hash = "sha256:9bf6d0da5804ae8888c357034d1a6750baa610999181e930678da0e87cec610d"},
    {file = "aiokafka-0.8.0-cp311-cp311-manylinux_2_5_i686.manylinux1_i686.manylinux_2_17_i686.manylinux2014_i686.whl", hash = "sha256:95682f661f295fac2f5f3f0132aea7c44a1b6c92726161daa509af67ac506885"},
    {file = "aiokafka-0.8.0-cp311-cp311-win32.whl", hash = "sha256:65e1d27a1c1cd38c66e0b22928af74b192f7598da9acd5bb939c6acea5bb5036"},
    {file = "aiokafka-0.8.0-cp311-cp311-win_amd64.whl", hash = "sha256:f0a216a27f05b050d5a5308fb3444014fa6bca5f0cd63468eaa169c5f19ea1dd"},
    {file = "aiokafka-0.8.0-cp37-cp37m-macosx_10_9_x86_64.whl", hash = "sha256:2567465ee6de4d248fc416f2eef7d33bbe246a79073410ae2368b5bdaeb758c1"},
    {file = "aiokafka-0.8.0-cp37-cp37m-manylinux_2_17_aarch64.manylinux2014_aarch64.whl", hash = "sha256:7e292841beda7cfdcd6939aab6cc2a623acd3d655b166f7ff97c658f14ced8c5"},
    {file = "aiokafka-0.8.0-cp37-cp37m-manylinux_2_17_x86_64.manylinux2014_x86_64.whl", hash = "sha256:d459ab92a360cac240cf10b9ce88e64c1e41d942c7f63b1df6c2aafe27f946d0"},
    {file = "aiokafka-0.8.0-cp37-cp37m-manylinux_2_5_i686.manylinux1_i686.manylinux_2_17_i686.manylinux2014_i686.whl", hash = "sha256:9364eb81340b3a70a1222a4701c73a49ea0026a79bf138b4aec342f012d6f039"},
    {file = "aiokafka-0.8.0-cp37-cp37m-win32.whl", hash = "sha256:4439a03820dc64a8c3aa5fe17809541e6a001f6f6196aad6b6b88e7ded2b5396"},
    {file = "aiokafka-0.8.0-cp37-cp37m-win_amd64.whl", hash = "sha256:e07f07290a150552273c02bc5109d0a40bc0f32abc0ae5aeaa1e54fb86369251"},
    {file = "aiokafka-0.8.0-cp38-cp38-macosx_10_9_x86_64.whl", hash = "sha256:e005b53597fe9bc6681a2a3b50728d235cf2fb8801e52790678c691c85383565"},
    {file = "aiokafka-0.8.0-cp38-cp38-manylinux_2_17_aarch64.manylinux2014_aarch64.whl", hash = "sha256:dfb6dfef6c18726a783d102a6c1b0dfb6d43785a46ff34e967ddfa8f774532dd"},
    {file = "aiokafka-0.8.0-cp38-cp38-manylinux_2_17_x86_64.manylinux2014_x86_64.whl", hash = "sha256:5202073bb8d2350b72805d45ff0125c800ed101506a4ba7be2f03ad1ba8ad1e6"},
    {file = "aiokafka-0.8.0-cp38-cp38-manylinux_2_5_i686.manylinux1_i686.manylinux_2_17_i686.manylinux2014_i686.whl", hash = "sha256:881209100355a92696c6501ba1c2b32127bb1f7f2f318b400b3973ab0b52efed"},
    {file = "aiokafka-0.8.0-cp38-cp38-win32.whl", hash = "sha256:6f50a940411ae6cd0d7bcaf2d821539e3a59b6de012f77de18a573565c9f638f"},
    {file = "aiokafka-0.8.0-cp38-cp38-win_amd64.whl", hash = "sha256:1c3fd832a06fdd68e82f100fe678a800dd6dbf5e8db6af9521be333f965c325b"},
    {file = "aiokafka-0.8.0-cp39-cp39-macosx_10_9_x86_64.whl", hash = "sha256:2760f095a8ffb5b9b97ad28a43a6a93f38d67cf3bc95b42e6b27462b614c8561"},
    {file = "aiokafka-0.8.0-cp39-cp39-manylinux_2_17_aarch64.manylinux2014_aarch64.whl", hash = "sha256:dea214c2588237cf0d404624ccd99f466a2e853ca22d7153bb680b2d3f25cdde"},
    {file = "aiokafka-0.8.0-cp39-cp39-manylinux_2_17_x86_64.manylinux2014_x86_64.whl", hash = "sha256:57aa55b48004da9bf5a5d37d3412c2d373b0bf32118bdc5c78cc5635998674cc"},
    {file = "aiokafka-0.8.0-cp39-cp39-manylinux_2_5_i686.manylinux1_i686.manylinux_2_17_i686.manylinux2014_i686.whl", hash = "sha256:b86e3c1d649824103427c021593d75f44e01db1ffbc880b154e04098b534355f"},
    {file = "aiokafka-0.8.0-cp39-cp39-win32.whl", hash = "sha256:23f1fbdf54790a3751216e33e62228c8e1eb7feebcb19ef532cd3e4f13ae51ce"},
    {file = "aiokafka-0.8.0-cp39-cp39-win_amd64.whl", hash = "sha256:b36066df820e30f56386deb56d72efba287ba65419848888ea4b42f9e2741cff"},
    {file = "aiokafka-0.8.0.tar.gz", hash = "sha256:49b30479f68ba9a484a0e3362fb9c48797d7320066db9fcd53e755451f389acb"},
]
aiomisc = [
    {file = "aiomisc-16.2.9-py3-none-any.whl", hash = "sha256:7423d47cf5630f71c4339660b24b4f332a463feac0622cc7fea42899ecf42c43"},
    {file = "aiomisc-16.2.9.tar.gz", hash = "sha256:16b9891e7147fc88eeb8cfea801492f8d20a9fa10dcf72aa9e13878bb09944d6"},
]
async-timeout = [
    {file = "async-timeout-4.0.2.tar.gz", hash = "sha256:2163e1640ddb52b7a8c80d0a67a08587e5d245cc9c553a74a847056bc2976b15"},
    {file = "async_timeout-4.0.2-py3-none-any.whl", hash = "sha256:8ca1e4fcf50d07413d66d1a5e416e42cfdf5851c981d679a09851a6853383b3c"},
]
backoff = [
    {file = "backoff-2.2.1-py3-none-any.whl", hash = "sha256:63579f9a0628e06278f7e47b7d7d5b6ce20dc65c5e96a6f3ca99a6adca0396e8"},
    {file = "backoff-2.2.1.tar.gz", hash = "sha256:03f829f5bb1923180821643f8753b0502c3b682293992485b0eef2807afa5cba"},
]
clickhouse-driver = [
    {file = "clickhouse-driver-0.2.5.tar.gz", hash = "sha256:403239e5820d07d35a380f1abcd45ea0397fe8059984abf0594783d1474d56f5"},
    {file = "clickhouse_driver-0.2.5-cp310-cp310-macosx_10_9_x86_64.whl", hash = "sha256:413c7116a0f35bfc12c22f616b4cc9673d74b293c90361c748be03a987c753c4"},
    {file = "clickhouse_driver-0.2.5-cp310-cp310-manylinux_2_17_aarch64.manylinux2014_aarch64.whl", hash = "sha256:cc7d48fc72ddb5a24c59b521c7ff56e7bcc8520a9b4afe50d7efaec1aa4ae616"},
    {file = "clickhouse_driver-0.2.5-cp310-cp310-manylinux_2_17_ppc64le.manylinux2014_ppc64le.whl", hash = "sha256:5fbaef87d62bdf932c6d2f86c3a77d4675d309b9dd8c579b94776ec3da044bdf"},
    {file = "clickhouse_driver-0.2.5-cp310-cp310-manylinux_2_17_s390x.manylinux2014_s390x.whl", hash = "sha256:fda807b08ed23c6388c734486dcd218adefe78cac298f08dbc3a62d27d20462a"},
    {file = "clickhouse_driver-0.2.5-cp310-cp310-manylinux_2_17_x86_64.manylinux2014_x86_64.whl", hash = "sha256:ec2eb78e361ff0f4f45b694e2d08e58c00329ee512471b23f53a23815dc34660"},
    {file = "clickhouse_driver-0.2.5-cp310-cp310-manylinux_2_5_i686.manylinux1_i686.manylinux_2_17_i686.manylinux2014_i686.whl", hash = "sha256:c70a2f0c8bd8165e63788aa64b583a2c92ff73ca0a07b60ef7980250cee24a3d"},
    {file = "clickhouse_driver-0.2.5-cp310-cp310-musllinux_1_1_aarch64.whl", hash = "sha256:77c541961f29f17880bece8c5cf22f52564579c086fe859568189ccb36cef7cb"},
    {file = "clickhouse_driver-0.2.5-cp310-cp310-musllinux_1_1_i686.whl", hash = "sha256:3c0f5567e935b09ac6836e2a015306a6233538111be2a1067997fd7fdb865bed"},
    {file = "clickhouse_driver-0.2.5-cp310-cp310-musllinux_1_1_ppc64le.whl", hash = "sha256:36077623489c1558495cecfb682a777d33cb3f90b0d1e61558fe323d39cd736b"},
    {file = "clickhouse_driver-0.2.5-cp310-cp310-musllinux_1_1_s390x.whl", hash = "sha256:ff24c5425b926eb18e434aa977f2ac1dfa6f907245fc1989633c07b67973843c"},
    {file = "clickhouse_driver-0.2.5-cp310-cp310-musllinux_1_1_x86_64.whl", hash = "sha256:d4fa637d702aca6993b5b03c20c910743e2a2e6a38661b8e9449b898d836b049"},
    {file = "clickhouse_driver-0.2.5-cp310-cp310-win32.whl", hash = "sha256:319c4ac6e063ca6786ca25aac86685841523d421f5483dc890589d221d36d562"},
    {file = "clickhouse_driver-0.2.5-cp310-cp310-win_amd64.whl", hash = "sha256:f0cb4b9b1dd316611e4de858eb82a4f70fd1807cce9919aeed5b7bfd320ca3dc"},
    {file = "clickhouse_driver-0.2.5-cp311-cp311-macosx_10_9_x86_64.whl", hash = "sha256:4605f2f197c07c6db91b9636d29e50322f095b006b6aca0f5f958bbbfe3a4381"},
    {file = "clickhouse_driver-0.2.5-cp311-cp311-manylinux_2_17_aarch64.manylinux2014_aarch64.whl", hash = "sha256:dc5543eb45e556a45ed57328446971ad3f786f8230fbb96d736ad51ca6a0f085"},
    {file = "clickhouse_driver-0.2.5-cp311-cp311-manylinux_2_17_ppc64le.manylinux2014_ppc64le.whl", hash = "sha256:1ab396a5ad5c54d463bac1b268373b7977d076c3c7ec474fc5fc908629b7e989"},
    {file = "clickhouse_driver-0.2.5-cp311-cp311-manylinux_2_17_s390x.manylinux2014_s390x.whl", hash = "sha256:758c3d0c09d6c23f9014045aeadf3a2620c3763fc0b2875a1a8e213092afb92b"},
    {file = "clickhouse_driver-0.2.5-cp311-cp311-manylinux_2_17_x86_64.manylinux2014_x86_64.whl", hash = "sha256:fe9781724eaf2a0cd85a1f1b2906867d548399f4ecc6b8b7460f20410eb036b5"},
    {file = "clickhouse_driver-0.2.5-cp311-cp311-manylinux_2_5_i686.manylinux1_i686.manylinux_2_17_i686.manylinux2014_i686.whl", hash = "sha256:0e8aa79ddfb67ae2b6bf844d1493ab83321c4f2052686c6aa93f6658c737bd12"},
    {file = "clickhouse_driver-0.2.5-cp311-cp311-musllinux_1_1_aarch64.whl", hash = "sha256:c8092518f839e01edbbe74db4c3d902028f9f4af5410571a131dac40f190edd4"},
    {file = "clickhouse_driver-0.2.5-cp311-cp311-musllinux_1_1_i686.whl", hash = "sha256:019da690c9b82034ff7ebe2a2ac2af87b715a2c010f9a65fefc08c4bd792b0d6"},
    {file = "clickhouse_driver-0.2.5-cp311-cp311-musllinux_1_1_ppc64le.whl", hash = "sha256:fc300a72f0a09c2c286a55723466315a1b307f94a2ed81d1b7802598cd451059"},
    {file = "clickhouse_driver-0.2.5-cp311-cp311-musllinux_1_1_s390x.whl", hash = "sha256:937b663c400233d5ddd8b50fc260c3e374b7803dd401cb194ff64ddce9825aac"},
    {file = "clickhouse_driver-0.2.5-cp311-cp311-musllinux_1_1_x86_64.whl", hash = "sha256:e577b20814021e6851a7a3c075b1b4498c07ee5c1863481a6a1558a85739e145"},
    {file = "clickhouse_driver-0.2.5-cp311-cp311-win32.whl", hash = "sha256:d0d8f06a9264e1279c0aefc5dd7a6c6cdc4ce2d3aac3565865250db92694c9e7"},
    {file = "clickhouse_driver-0.2.5-cp311-cp311-win_amd64.whl", hash = "sha256:3a0741b32cf2ed019aba7c65e198d33a74d91b4ca67d5918860b7a32b7a5c158"},
    {file = "clickhouse_driver-0.2.5-cp36-cp36m-macosx_10_9_x86_64.whl", hash = "sha256:1edf78ff50587bde5775bfa98a17764d9fa2588e7841d63fadfca169277438d8"},
    {file = "clickhouse_driver-0.2.5-cp36-cp36m-manylinux_2_17_aarch64.manylinux2014_aarch64.whl", hash = "sha256:e225d9261fbd35024b87b83c9d703331247d64583aedeb1210a700058422548e"},
    {file = "clickhouse_driver-0.2.5-cp36-cp36m-manylinux_2_17_ppc64le.manylinux2014_ppc64le.whl", hash = "sha256:b5db4eccf1f9ff685b6a92b3755cfea612f58868c513344f71927697e93e7103"},
    {file = "clickhouse_driver-0.2.5-cp36-cp36m-manylinux_2_17_s390x.manylinux2014_s390x.whl", hash = "sha256:f2b4fe92b120faae255354d6cf4a45639236583add948401e2b72600be793a1a"},
    {file = "clickhouse_driver-0.2.5-cp36-cp36m-manylinux_2_17_x86_64.manylinux2014_x86_64.whl", hash = "sha256:85e1b9618dbd0772497556e7b6dcf8063191c0e2ea9d7ba8e447e70aea0a88c8"},
    {file = "clickhouse_driver-0.2.5-cp36-cp36m-manylinux_2_5_i686.manylinux1_i686.manylinux_2_17_i686.manylinux2014_i686.whl", hash = "sha256:02c540813d644f1de73b0c033c10671b6c2ce97b46a233ac1936d71cc527d48f"},
    {file = "clickhouse_driver-0.2.5-cp36-cp36m-musllinux_1_1_aarch64.whl", hash = "sha256:d9d27f28fe2d3ca3e9ef995466b44ee7863de61a671e1e305853e235c4f4b36e"},
    {file = "clickhouse_driver-0.2.5-cp36-cp36m-musllinux_1_1_i686.whl", hash = "sha256:ee77062908490d111f65cc795cad9db2d3952630905f44ad17cb0b71374cffad"},
    {file = "clickhouse_driver-0.2.5-cp36-cp36m-musllinux_1_1_ppc64le.whl", hash = "sha256:2a3e9d7dc9e58c7fee174516d00ad00b81fa6e4da56461d8ac206c28a16ad44c"},
    {file = "clickhouse_driver-0.2.5-cp36-cp36m-musllinux_1_1_s390x.whl", hash = "sha256:d73c9dbc146d1456ea26c87f8b245f7ca69e5bc1883521fbc9074c3dd74a439a"},
    {file = "clickhouse_driver-0.2.5-cp36-cp36m-musllinux_1_1_x86_64.whl", hash = "sha256:14ce9ea8e4270307563bb95a1e39d8e9d6130cda926b33abbfb17d826b23acf0"},
    {file = "clickhouse_driver-0.2.5-cp36-cp36m-win32.whl", hash = "sha256:d1cc49e8579b22d7fd2a8550b2da294bc21cc00189fa71ecf46b2f939011654c"},
    {file = "clickhouse_driver-0.2.5-cp36-cp36m-win_amd64.whl", hash = "sha256:e6693c1ee9c6c248fe31db716f4f0bdeff84ea8f1b4262c4d941f58d4a3a58d5"},
    {file = "clickhouse_driver-0.2.5-cp37-cp37m-macosx_10_9_x86_64.whl", hash = "sha256:5e1d7b6d22dd5efd771aa925a586185a51a64eeb908d61d5bfdcbb1416608d89"},
    {file = "clickhouse_driver-0.2.5-cp37-cp37m-manylinux_2_17_aarch64.manylinux2014_aarch64.whl", hash = "sha256:20c8eb194897c7826d82aa67ac2f92496214cdac3a3713df5c48d94fff494593"},
    {file = "clickhouse_driver-0.2.5-cp37-cp37m-manylinux_2_17_ppc64le.manylinux2014_ppc64le.whl", hash = "sha256:0631980b28267f1137b08e6982f244597c0809478edeaa9d6b8046f38e1369ed"},
    {file = "clickhouse_driver-0.2.5-cp37-cp37m-manylinux_2_17_s390x.manylinux2014_s390x.whl", hash = "sha256:86c4b3bf77d3f81394b05dc4795485a95076bbe85708d14de261d7f961b0eff5"},
    {file = "clickhouse_driver-0.2.5-cp37-cp37m-manylinux_2_17_x86_64.manylinux2014_x86_64.whl", hash = "sha256:704a68cec8ce9997d2a8d43678852cbcc734b77fbe8c9b4b6c3aee9e09fed9ee"},
    {file = "clickhouse_driver-0.2.5-cp37-cp37m-manylinux_2_5_i686.manylinux1_i686.manylinux_2_17_i686.manylinux2014_i686.whl", hash = "sha256:8884f12911202c7b22502d1224cffb84559c91f93bcb1deb6a28251f7a82e98e"},
    {file = "clickhouse_driver-0.2.5-cp37-cp37m-musllinux_1_1_aarch64.whl", hash = "sha256:45852b9c90fa75a70c2a98556ad0a031a2a1c40e5bffe6dcf252c8cbace1f2b4"},
    {file = "clickhouse_driver-0.2.5-cp37-cp37m-musllinux_1_1_i686.whl", hash = "sha256:780843107ad370fdf1742aa68196158e395345ef72bb10f12a63ab82ea6f823d"},
    {file = "clickhouse_driver-0.2.5-cp37-cp37m-musllinux_1_1_ppc64le.whl", hash = "sha256:f8ceb503bacd0234d28c2e99ad61ca0d64d3282d8531c3607a3d7a849aedaf01"},
    {file = "clickhouse_driver-0.2.5-cp37-cp37m-musllinux_1_1_s390x.whl", hash = "sha256:fd9116181a645c9393e5ef9287fc8747ce25ce5a1d8d8cf079223de8bdb00236"},
    {file = "clickhouse_driver-0.2.5-cp37-cp37m-musllinux_1_1_x86_64.whl", hash = "sha256:efcb67627233f377f6057388b88b9f68a98f06588da24d073166fed9b5e4e875"},
    {file = "clickhouse_driver-0.2.5-cp37-cp37m-win32.whl", hash = "sha256:6876827eaf7b1c9711a54a1241cc7be9417ba4885c89e6dd49205417e870a261"},
    {file = "clickhouse_driver-0.2.5-cp37-cp37m-win_amd64.whl", hash = "sha256:82835a6dca0016ac50d0b29eb02e9609f87f99af83e99fb0c5f15f893404c8bf"},
    {file = "clickhouse_driver-0.2.5-cp38-cp38-macosx_10_9_x86_64.whl", hash = "sha256:e577d3e6d83cf71cf3dd29f5914448eb4d37adb61d9585a06642bd21c0b4bf6a"},
    {file = "clickhouse_driver-0.2.5-cp38-cp38-manylinux_2_17_aarch64.manylinux2014_aarch64.whl", hash = "sha256:7e95ad1e7d8fa42b79b44a8fad5db1a92c6e09534f1a72209e0e6a00fdf2c148"},
    {file = "clickhouse_driver-0.2.5-cp38-cp38-manylinux_2_17_ppc64le.manylinux2014_ppc64le.whl", hash = "sha256:a61ec8e789f47933efb88c2d34af27e664a15f064d53411bfa2a56a34c1c8c39"},
    {file = "clickhouse_driver-0.2.5-cp38-cp38-manylinux_2_17_s390x.manylinux2014_s390x.whl", hash = "sha256:cf671bac0d8f5e83736547c5ee3935ec859a77d5ce75cdfbbb5313e87cb3cb0b"},
    {file = "clickhouse_driver-0.2.5-cp38-cp38-manylinux_2_17_x86_64.manylinux2014_x86_64.whl", hash = "sha256:44f01d4a257b928e5981b8a0a0193c28a48ce3aed8b06f7a32f717ad2224836d"},
    {file = "clickhouse_driver-0.2.5-cp38-cp38-manylinux_2_5_i686.manylinux1_i686.manylinux_2_17_i686.manylinux2014_i686.whl", hash = "sha256:64bf7aad1d2b2c22dbccfaebcca55469558b0a754911b25e3a8506c4cc15cf01"},
    {file = "clickhouse_driver-0.2.5-cp38-cp38-musllinux_1_1_aarch64.whl", hash = "sha256:0e3762a866321af6a7ece560ed89c072e7bd6381fe642343e9d47c47ff191e23"},
    {file = "clickhouse_driver-0.2.5-cp38-cp38-musllinux_1_1_i686.whl", hash = "sha256:9f152bfe68af34468280f780b622a0c5dc0a5f19fd352542bf3491be4654cc13"},
    {file = "clickhouse_driver-0.2.5-cp38-cp38-musllinux_1_1_ppc64le.whl", hash = "sha256:9954ca8b56e81f077d3f3845f88fabbf223eb4260b09691c3d957db7ff31f0d5"},
    {file = "clickhouse_driver-0.2.5-cp38-cp38-musllinux_1_1_s390x.whl", hash = "sha256:5b011ee7340a73fda603e009f5f5463aabb4584d92aa93e96969908e9befb967"},
    {file = "clickhouse_driver-0.2.5-cp38-cp38-musllinux_1_1_x86_64.whl", hash = "sha256:ef2545823cfff38a61255651373b4705946accac38b5ffe817caaf9147a42ec4"},
    {file = "clickhouse_driver-0.2.5-cp38-cp38-win32.whl", hash = "sha256:0d1f4545e0de52774b512d943783529109b088b8716f16c75072a8af7b11ce22"},
    {file = "clickhouse_driver-0.2.5-cp38-cp38-win_amd64.whl", hash = "sha256:420b8be690e678c86ba57e446c98716598dc29a128759cc50bb1a6dc75e6b619"},
    {file = "clickhouse_driver-0.2.5-cp39-cp39-macosx_10_9_x86_64.whl", hash = "sha256:b75463226330fd5d37bb2590f47cfa43c6694efffe516d598bd663b81a1d09dc"},
    {file = "clickhouse_driver-0.2.5-cp39-cp39-manylinux_2_17_aarch64.manylinux2014_aarch64.whl", hash = "sha256:4f40176af385fc8d69e48a1e66d79349b0cdc05aeb83a45bc655d3fa5a7c6c36"},
    {file = "clickhouse_driver-0.2.5-cp39-cp39-manylinux_2_17_ppc64le.manylinux2014_ppc64le.whl", hash = "sha256:4e2a0e059b5b2886c2ada313799dafddab5052f3f2209f0429cc738c3d7e55f8"},
    {file = "clickhouse_driver-0.2.5-cp39-cp39-manylinux_2_17_s390x.manylinux2014_s390x.whl", hash = "sha256:fd78c78de4a74ac9fc3bcce3916b735539d34caaefb3c0fdcb39fea763078367"},
    {file = "clickhouse_driver-0.2.5-cp39-cp39-manylinux_2_17_x86_64.manylinux2014_x86_64.whl", hash = "sha256:70a70e46df56d966aed8423d5870a6b7f6137e20bb8ec2572723efb4bd1c80ca"},
    {file = "clickhouse_driver-0.2.5-cp39-cp39-manylinux_2_5_i686.manylinux1_i686.manylinux_2_17_i686.manylinux2014_i686.whl", hash = "sha256:78062269ae40b9ba2d2f5bb4318c705d5b9543d268982f4fbf39f80f1325207c"},
    {file = "clickhouse_driver-0.2.5-cp39-cp39-musllinux_1_1_aarch64.whl", hash = "sha256:ba975dbc89444ac69075007a97dfae5c7d51cd807372259e0051c723cc75fd21"},
    {file = "clickhouse_driver-0.2.5-cp39-cp39-musllinux_1_1_i686.whl", hash = "sha256:e61f72a6615477f3577714f5ba657be649e9c348a2d20864d16eb41b4446882d"},
    {file = "clickhouse_driver-0.2.5-cp39-cp39-musllinux_1_1_ppc64le.whl", hash = "sha256:0254a800731469c00fa46d8f25cfab565703d07ae34ebe9bceb64ebfb0d8e99b"},
    {file = "clickhouse_driver-0.2.5-cp39-cp39-musllinux_1_1_s390x.whl", hash = "sha256:115abd0113e78dcc618b219c5539942792d121070b40f4e4b4bdbc03a23f6630"},
    {file = "clickhouse_driver-0.2.5-cp39-cp39-musllinux_1_1_x86_64.whl", hash = "sha256:c7311c46274f480f2bdc19d42151054eae8e3b9045624d4ca3182afd2fb7c5df"},
    {file = "clickhouse_driver-0.2.5-cp39-cp39-win32.whl", hash = "sha256:852b2d57890db87248c60f05809df3ce8a3737fc37b3908b23b6a914212cc2b9"},
    {file = "clickhouse_driver-0.2.5-cp39-cp39-win_amd64.whl", hash = "sha256:55f989eba98bfcf28da1dcbf4b7bb8322cd4a98df7855a68d4090160da2058a1"},
    {file = "clickhouse_driver-0.2.5-pp37-pypy37_pp73-macosx_10_9_x86_64.whl", hash = "sha256:5f8585d6e1023779da471d37a3ea8623017f90115a85fef51d49a0c619010b44"},
    {file = "clickhouse_driver-0.2.5-pp37-pypy37_pp73-manylinux_2_17_aarch64.manylinux2014_aarch64.whl", hash = "sha256:59c07f648edbff11fdb5fc57f5d56f585acc0381bfda2cbbbc2ea04f6adf1767"},
    {file = "clickhouse_driver-0.2.5-pp37-pypy37_pp73-manylinux_2_17_x86_64.manylinux2014_x86_64.whl", hash = "sha256:cd8e223a434fb7bffdd10e4541a3f756b58d15eac5e6bb701d0ad37719b20298"},
    {file = "clickhouse_driver-0.2.5-pp37-pypy37_pp73-manylinux_2_5_i686.manylinux1_i686.manylinux_2_17_i686.manylinux2014_i686.whl", hash = "sha256:d092c89725c1c616ba9c1624a1ea5abbfc13d671ef2197b6c075b2d051f8bba2"},
    {file = "clickhouse_driver-0.2.5-pp37-pypy37_pp73-win_amd64.whl", hash = "sha256:f4587b47b8651f7c0576cfb374f318c758c420883fe8fbb97b2a6503ce525150"},
    {file = "clickhouse_driver-0.2.5-pp38-pypy38_pp73-macosx_10_9_x86_64.whl", hash = "sha256:6083afaa4bb2691e42c588e635cc7bdfae3060d0a627e5a49f6bda2cb7bb3468"},
    {file = "clickhouse_driver-0.2.5-pp38-pypy38_pp73-manylinux_2_17_aarch64.manylinux2014_aarch64.whl", hash = "sha256:585decb371c6b5cd3e9607c703925c49e96e7b872bbd676c71a0acf85397eeef"},
    {file = "clickhouse_driver-0.2.5-pp38-pypy38_pp73-manylinux_2_17_x86_64.manylinux2014_x86_64.whl", hash = "sha256:08aa10e63a911513fbe4ea7168a9fe2c55ce47693094e0e49d3db98ab1da9b1d"},
    {file = "clickhouse_driver-0.2.5-pp38-pypy38_pp73-manylinux_2_5_i686.manylinux1_i686.manylinux_2_17_i686.manylinux2014_i686.whl", hash = "sha256:81c639203ae0c0491af6794dd88a7ee0329298cc76389e5475c89df732a649b4"},
    {file = "clickhouse_driver-0.2.5-pp38-pypy38_pp73-win_amd64.whl", hash = "sha256:5afb33e39d2ac0765e6e5014d57056bf1a783b7938a6d231eeeb049fe1967c27"},
    {file = "clickhouse_driver-0.2.5-pp39-pypy39_pp73-macosx_10_9_x86_64.whl", hash = "sha256:378d4a641842b891387d9a577eccbecdc0ac3dbafc29f7a6fa273cab2e3591f4"},
    {file = "clickhouse_driver-0.2.5-pp39-pypy39_pp73-manylinux_2_17_aarch64.manylinux2014_aarch64.whl", hash = "sha256:6321f328d79c1986706db57109ec80ac7c78b3782f261509e5441ba0ff8fce18"},
    {file = "clickhouse_driver-0.2.5-pp39-pypy39_pp73-manylinux_2_17_x86_64.manylinux2014_x86_64.whl", hash = "sha256:f7ec4a6a8aba19c5b5945ad10ac45224a1203d00939d6382105f69c6367599ed"},
    {file = "clickhouse_driver-0.2.5-pp39-pypy39_pp73-manylinux_2_5_i686.manylinux1_i686.manylinux_2_17_i686.manylinux2014_i686.whl", hash = "sha256:4ac0d8c2f1d54fcca45393d6dbe40f0b11500ee07471671345361ca259ffd726"},
    {file = "clickhouse_driver-0.2.5-pp39-pypy39_pp73-win_amd64.whl", hash = "sha256:f380c0c7c598c22ed7c9ee0f6ecc133af959ba359999b09ec42dbbc97e7482dc"},
]
colorama = [
    {file = "colorama-0.4.6-py2.py3-none-any.whl", hash = "sha256:4f1d9991f5acc0ca119f9d443620b77f9d6b33703e51011c16baf57afb285fc6"},
    {file = "colorama-0.4.6.tar.gz", hash = "sha256:08695f5cb7ed6e0531a20572697297273c47b8cae5a63ffc6d6ed5c201be6e44"},
]
colorlog = [
    {file = "colorlog-6.7.0-py2.py3-none-any.whl", hash = "sha256:0d33ca236784a1ba3ff9c532d4964126d8a2c44f1f0cb1d2b0728196f512f662"},
    {file = "colorlog-6.7.0.tar.gz", hash = "sha256:bd94bd21c1e13fac7bd3153f4bc3a7dc0eb0974b8bc2fdf1a989e474f6e582e5"},
]
kafka-python = [
    {file = "kafka-python-2.0.2.tar.gz", hash = "sha256:04dfe7fea2b63726cd6f3e79a2d86e709d608d74406638c5da33a01d45a9d7e3"},
    {file = "kafka_python-2.0.2-py2.py3-none-any.whl", hash = "sha256:2d92418c7cb1c298fa6c7f0fb3519b520d0d7526ac6cb7ae2a4fc65a51a94b6e"},
]
logging-journald = [
    {file = "logging-journald-0.6.2.tar.gz", hash = "sha256:53a92a02f312c8b0db4e173ac0037fae2d2f9adfef0318051594fae42b1ba6cb"},
]
orjson = [
    {file = "orjson-3.8.2-cp310-cp310-macosx_10_7_x86_64.whl", hash = "sha256:43e69b360c2851b45c7dbab3b95f7fa8469df73fab325a683f7389c4db63aa71"},
    {file = "orjson-3.8.2-cp310-cp310-macosx_10_9_x86_64.macosx_11_0_arm64.macosx_10_9_universal2.whl", hash = "sha256:64c5da5c9679ef3d85e9bbcbb62f4ccdc1f1975780caa20f2ec1e37b4da6bd36"},
    {file = "orjson-3.8.2-cp310-cp310-manylinux_2_17_aarch64.manylinux2014_aarch64.whl", hash = "sha256:3c632a2157fa9ec098d655287e9e44809615af99837c49f53d96bfbca453c5bd"},
    {file = "orjson-3.8.2-cp310-cp310-manylinux_2_17_armv7l.manylinux2014_armv7l.whl", hash = "sha256:f63da6309c282a2b58d4a846f0717f6440356b4872838b9871dc843ed1fe2b38"},
    {file = "orjson-3.8.2-cp310-cp310-manylinux_2_17_x86_64.manylinux2014_x86_64.whl", hash = "sha256:5c9be25c313ba2d5478829d949165445c3bd36c62e07092b4ba8dbe5426574d1"},
    {file = "orjson-3.8.2-cp310-cp310-manylinux_2_28_aarch64.whl", hash = "sha256:4bcce53e9e088f82633f784f79551fcd7637943ab56c51654aaf9d4c1d5cfa54"},
    {file = "orjson-3.8.2-cp310-cp310-manylinux_2_28_x86_64.whl", hash = "sha256:33edb5379c6e6337f9383c85fe4080ce3aa1057cc2ce29345b7239461f50cbd6"},
    {file = "orjson-3.8.2-cp310-cp310-musllinux_1_1_aarch64.whl", hash = "sha256:da35d347115758bbc8bfaf39bb213c42000f2a54e3f504c84374041d20835cd6"},
    {file = "orjson-3.8.2-cp310-cp310-musllinux_1_1_x86_64.whl", hash = "sha256:d755d94a90a941b91b4d39a6b02e289d8ba358af2d1a911edf266be7942609dc"},
    {file = "orjson-3.8.2-cp310-none-win_amd64.whl", hash = "sha256:7ea96923e26390b2142602ebb030e2a4db9351134696e0b219e5106bddf9b48e"},
    {file = "orjson-3.8.2-cp311-cp311-macosx_10_7_x86_64.whl", hash = "sha256:a0d89de876e6f1cef917a2338378a60a98584e1c2e1c67781e20b6ed1c512478"},
    {file = "orjson-3.8.2-cp311-cp311-macosx_10_9_x86_64.macosx_11_0_arm64.macosx_10_9_universal2.whl", hash = "sha256:8d47e7592fe938aec898eb22ea4946298c018133df084bc78442ff18e2c6347c"},
    {file = "orjson-3.8.2-cp311-cp311-manylinux_2_17_aarch64.manylinux2014_aarch64.whl", hash = "sha256:c3d9f1043f618d0c64228aab9711e5bd822253c50b6c56223951e32b51f81d62"},
    {file = "orjson-3.8.2-cp311-cp311-manylinux_2_17_armv7l.manylinux2014_armv7l.whl", hash = "sha256:ed10600e8b08f1e87b656ad38ab316191ce94f2c9adec57035680c0dc9e93c81"},
    {file = "orjson-3.8.2-cp311-cp311-manylinux_2_17_x86_64.manylinux2014_x86_64.whl", hash = "sha256:99c49e49a04bf61fee7aaea6d92ac2b1fcf6507aea894bbdf3fbb25fe792168c"},
    {file = "orjson-3.8.2-cp311-cp311-manylinux_2_28_aarch64.whl", hash = "sha256:1463674f8efe6984902473d7b5ce3edf444c1fcd09dc8aa4779638a28fb9ca01"},
    {file = "orjson-3.8.2-cp311-cp311-manylinux_2_28_x86_64.whl", hash = "sha256:c1ef75f1d021d817e5c60a42da0b4b7e3123b1b37415260b8415666ddacc7cd7"},
    {file = "orjson-3.8.2-cp311-none-win_amd64.whl", hash = "sha256:b6007e1ac8564b13b2521720929e8bb3ccd3293d9fdf38f28728dcc06db6248f"},
    {file = "orjson-3.8.2-cp37-cp37m-macosx_10_7_x86_64.whl", hash = "sha256:a02c13ae523221576b001071354380e277346722cc6b7fdaacb0fd6db5154b3e"},
    {file = "orjson-3.8.2-cp37-cp37m-macosx_10_9_x86_64.macosx_11_0_arm64.macosx_10_9_universal2.whl", hash = "sha256:fa2e565cf8ffdb37ce1887bd1592709ada7f701e61aa4b1e710be94b0aecbab4"},
    {file = "orjson-3.8.2-cp37-cp37m-manylinux_2_17_aarch64.manylinux2014_aarch64.whl", hash = "sha256:d1d8864288f7c5fccc07b43394f83b721ddc999f25dccfb5d0651671a76023f5"},
    {file = "orjson-3.8.2-cp37-cp37m-manylinux_2_17_armv7l.manylinux2014_armv7l.whl", hash = "sha256:1874c05d0bb994601fa2d51605cb910d09343c6ebd36e84a573293523fab772a"},
    {file = "orjson-3.8.2-cp37-cp37m-manylinux_2_17_x86_64.manylinux2014_x86_64.whl", hash = "sha256:349387ed6989e5db22e08c9af8d7ca14240803edc50de451d48d41a0e7be30f6"},
    {file = "orjson-3.8.2-cp37-cp37m-manylinux_2_28_aarch64.whl", hash = "sha256:4e42b19619d6e97e201053b865ca4e62a48da71165f4081508ada8e1b91c6a30"},
    {file = "orjson-3.8.2-cp37-cp37m-manylinux_2_28_x86_64.whl", hash = "sha256:bc112c17e607c59d1501e72afb44226fa53d947d364aed053f0c82d153e29616"},
    {file = "orjson-3.8.2-cp37-cp37m-musllinux_1_1_aarch64.whl", hash = "sha256:6fda669211f2ed1fc2c8130187ec90c96b4f77b6a250004e666d2ef8ed524e5f"},
    {file = "orjson-3.8.2-cp37-cp37m-musllinux_1_1_x86_64.whl", hash = "sha256:aebd4e80fea0f20578fd0452908b9206a6a0d5ae9f5c99b6e665bbcd989e56cd"},
    {file = "orjson-3.8.2-cp37-none-win_amd64.whl", hash = "sha256:9f3cd0394eb6d265beb2a1572b5663bc910883ddbb5cdfbcb660f5a0444e7fd8"},
    {file = "orjson-3.8.2-cp38-cp38-macosx_10_7_x86_64.whl", hash = "sha256:74e7d54d11b3da42558d69a23bf92c2c48fabf69b38432d5eee2c5b09cd4c433"},
    {file = "orjson-3.8.2-cp38-cp38-macosx_10_9_x86_64.macosx_11_0_arm64.macosx_10_9_universal2.whl", hash = "sha256:8cbadc9be748a823f9c743c7631b1ee95d3925a9c0b21de4e862a1d57daa10ec"},
    {file = "orjson-3.8.2-cp38-cp38-manylinux_2_17_aarch64.manylinux2014_aarch64.whl", hash = "sha256:a07d5a8c69a2947d9554a00302734fe3d8516415c8b280963c92bc1033477890"},
    {file = "orjson-3.8.2-cp38-cp38-manylinux_2_17_armv7l.manylinux2014_armv7l.whl", hash = "sha256:6b364ea01d1b71b9f97bf97af9eb79ebee892df302e127a9e2e4f8eaa74d6b98"},
    {file = "orjson-3.8.2-cp38-cp38-manylinux_2_17_x86_64.manylinux2014_x86_64.whl", hash = "sha256:b98a8c825a59db94fbe8e0cce48618624c5a6fb1436467322d90667c08a0bf80"},
    {file = "orjson-3.8.2-cp38-cp38-manylinux_2_28_aarch64.whl", hash = "sha256:ab63103f60b516c0fce9b62cb4773f689a82ab56e19ef2387b5a3182f80c0d78"},
    {file = "orjson-3.8.2-cp38-cp38-manylinux_2_28_x86_64.whl", hash = "sha256:73ab3f4288389381ae33ab99f914423b69570c88d626d686764634d5e0eeb909"},
    {file = "orjson-3.8.2-cp38-cp38-musllinux_1_1_aarch64.whl", hash = "sha256:2ab3fd8728e12c36e20c6d9d70c9e15033374682ce5acb6ed6a08a80dacd254d"},
    {file = "orjson-3.8.2-cp38-cp38-musllinux_1_1_x86_64.whl", hash = "sha256:cde11822cf71a7f0daaa84223249b2696a2b6cda7fa587e9fd762dff1a8848e4"},
    {file = "orjson-3.8.2-cp38-none-win_amd64.whl", hash = "sha256:b14765ea5aabfeab1a194abfaa0be62c9fee6480a75ac8c6974b4eeede3340b4"},
    {file = "orjson-3.8.2-cp39-cp39-macosx_10_7_x86_64.whl", hash = "sha256:6068a27d59d989d4f2864c2fc3440eb7126a0cfdfaf8a4ad136b0ffd932026ae"},
    {file = "orjson-3.8.2-cp39-cp39-macosx_10_9_x86_64.macosx_11_0_arm64.macosx_10_9_universal2.whl", hash = "sha256:6bf36fa759a1b941fc552ad76b2d7fb10c1d2a20c056be291ea45eb6ae1da09b"},
    {file = "orjson-3.8.2-cp39-cp39-manylinux_2_17_aarch64.manylinux2014_aarch64.whl", hash = "sha256:f436132e62e647880ca6988974c8e3165a091cb75cbed6c6fd93e931630c22fa"},
    {file = "orjson-3.8.2-cp39-cp39-manylinux_2_17_armv7l.manylinux2014_armv7l.whl", hash = "sha256:3ecd8936259a5920b52a99faf62d4efeb9f5e25a0aacf0cce1e9fa7c37af154f"},
    {file = "orjson-3.8.2-cp39-cp39-manylinux_2_17_x86_64.manylinux2014_x86_64.whl", hash = "sha256:c13114b345cda33644f64e92fe5d8737828766cf02fbbc7d28271a95ea546832"},
    {file = "orjson-3.8.2-cp39-cp39-manylinux_2_28_aarch64.whl", hash = "sha256:6e43cdc3ddf96bdb751b748b1984b701125abacca8fc2226b808d203916e8cba"},
    {file = "orjson-3.8.2-cp39-cp39-manylinux_2_28_x86_64.whl", hash = "sha256:ee39071da2026b11e4352d6fc3608a7b27ee14bc699fd240f4e604770bc7a255"},
    {file = "orjson-3.8.2-cp39-cp39-musllinux_1_1_aarch64.whl", hash = "sha256:1c3833976ebbeb3b5b6298cb22e23bf18453f6b80802103b7d08f7dd8a61611d"},
    {file = "orjson-3.8.2-cp39-cp39-musllinux_1_1_x86_64.whl", hash = "sha256:b9a34519d3d70935e1cd3797fbed8fbb6f61025182bea0140ca84d95b6f8fbe5"},
    {file = "orjson-3.8.2-cp39-none-win_amd64.whl", hash = "sha256:2734086d9a3dd9591c4be7d05aff9beccc086796d3f243685e56b7973ebac5bc"},
    {file = "orjson-3.8.2.tar.gz", hash = "sha256:a2fb95a45031ccf278e44341027b3035ab99caa32aa173279b1f0a06324f434b"},
]
packaging = [
    {file = "packaging-21.3-py3-none-any.whl", hash = "sha256:ef103e05f519cdc783ae24ea4e2e0f508a9c99b2d4969652eed6a2e1ea5bd522"},
    {file = "packaging-21.3.tar.gz", hash = "sha256:dd47c42927d89ab911e606518907cc2d3a1f38bbd026385970643f9c5b8ecfeb"},
]
pydantic = [
    {file = "pydantic-1.10.2-cp310-cp310-macosx_10_9_x86_64.whl", hash = "sha256:bb6ad4489af1bac6955d38ebcb95079a836af31e4c4f74aba1ca05bb9f6027bd"},
    {file = "pydantic-1.10.2-cp310-cp310-macosx_11_0_arm64.whl", hash = "sha256:a1f5a63a6dfe19d719b1b6e6106561869d2efaca6167f84f5ab9347887d78b98"},
    {file = "pydantic-1.10.2-cp310-cp310-manylinux_2_17_x86_64.manylinux2014_x86_64.whl", hash = "sha256:352aedb1d71b8b0736c6d56ad2bd34c6982720644b0624462059ab29bd6e5912"},
    {file = "pydantic-1.10.2-cp310-cp310-manylinux_2_5_i686.manylinux1_i686.manylinux_2_17_i686.manylinux2014_i686.whl", hash = "sha256:19b3b9ccf97af2b7519c42032441a891a5e05c68368f40865a90eb88833c2559"},
    {file = "pydantic-1.10.2-cp310-cp310-musllinux_1_1_i686.whl", hash = "sha256:e9069e1b01525a96e6ff49e25876d90d5a563bc31c658289a8772ae186552236"},
    {file = "pydantic-1.10.2-cp310-cp310-musllinux_1_1_x86_64.whl", hash = "sha256:355639d9afc76bcb9b0c3000ddcd08472ae75318a6eb67a15866b87e2efa168c"},
    {file = "pydantic-1.10.2-cp310-cp310-win_amd64.whl", hash = "sha256:ae544c47bec47a86bc7d350f965d8b15540e27e5aa4f55170ac6a75e5f73b644"},
    {file = "pydantic-1.10.2-cp311-cp311-macosx_10_9_x86_64.whl", hash = "sha256:a4c805731c33a8db4b6ace45ce440c4ef5336e712508b4d9e1aafa617dc9907f"},
    {file = "pydantic-1.10.2-cp311-cp311-macosx_11_0_arm64.whl", hash = "sha256:d49f3db871575e0426b12e2f32fdb25e579dea16486a26e5a0474af87cb1ab0a"},
    {file = "pydantic-1.10.2-cp311-cp311-manylinux_2_17_x86_64.manylinux2014_x86_64.whl", hash = "sha256:37c90345ec7dd2f1bcef82ce49b6235b40f282b94d3eec47e801baf864d15525"},
    {file = "pydantic-1.10.2-cp311-cp311-manylinux_2_5_i686.manylinux1_i686.manylinux_2_17_i686.manylinux2014_i686.whl", hash = "sha256:7b5ba54d026c2bd2cb769d3468885f23f43710f651688e91f5fb1edcf0ee9283"},
    {file = "pydantic-1.10.2-cp311-cp311-musllinux_1_1_i686.whl", hash = "sha256:05e00dbebbe810b33c7a7362f231893183bcc4251f3f2ff991c31d5c08240c42"},
    {file = "pydantic-1.10.2-cp311-cp311-musllinux_1_1_x86_64.whl", hash = "sha256:2d0567e60eb01bccda3a4df01df677adf6b437958d35c12a3ac3e0f078b0ee52"},
    {file = "pydantic-1.10.2-cp311-cp311-win_amd64.whl", hash = "sha256:c6f981882aea41e021f72779ce2a4e87267458cc4d39ea990729e21ef18f0f8c"},
    {file = "pydantic-1.10.2-cp37-cp37m-macosx_10_9_x86_64.whl", hash = "sha256:c4aac8e7103bf598373208f6299fa9a5cfd1fc571f2d40bf1dd1955a63d6eeb5"},
    {file = "pydantic-1.10.2-cp37-cp37m-manylinux_2_17_x86_64.manylinux2014_x86_64.whl", hash = "sha256:81a7b66c3f499108b448f3f004801fcd7d7165fb4200acb03f1c2402da73ce4c"},
    {file = "pydantic-1.10.2-cp37-cp37m-manylinux_2_5_i686.manylinux1_i686.manylinux_2_17_i686.manylinux2014_i686.whl", hash = "sha256:bedf309630209e78582ffacda64a21f96f3ed2e51fbf3962d4d488e503420254"},
    {file = "pydantic-1.10.2-cp37-cp37m-musllinux_1_1_i686.whl", hash = "sha256:9300fcbebf85f6339a02c6994b2eb3ff1b9c8c14f502058b5bf349d42447dcf5"},
    {file = "pydantic-1.10.2-cp37-cp37m-musllinux_1_1_x86_64.whl", hash = "sha256:216f3bcbf19c726b1cc22b099dd409aa371f55c08800bcea4c44c8f74b73478d"},
    {file = "pydantic-1.10.2-cp37-cp37m-win_amd64.whl", hash = "sha256:dd3f9a40c16daf323cf913593083698caee97df2804aa36c4b3175d5ac1b92a2"},
    {file = "pydantic-1.10.2-cp38-cp38-macosx_10_9_x86_64.whl", hash = "sha256:b97890e56a694486f772d36efd2ba31612739bc6f3caeee50e9e7e3ebd2fdd13"},
    {file = "pydantic-1.10.2-cp38-cp38-macosx_11_0_arm64.whl", hash = "sha256:9cabf4a7f05a776e7793e72793cd92cc865ea0e83a819f9ae4ecccb1b8aa6116"},
    {file = "pydantic-1.10.2-cp38-cp38-manylinux_2_17_x86_64.manylinux2014_x86_64.whl", hash = "sha256:06094d18dd5e6f2bbf93efa54991c3240964bb663b87729ac340eb5014310624"},
    {file = "pydantic-1.10.2-cp38-cp38-manylinux_2_5_i686.manylinux1_i686.manylinux_2_17_i686.manylinux2014_i686.whl", hash = "sha256:cc78cc83110d2f275ec1970e7a831f4e371ee92405332ebfe9860a715f8336e1"},
    {file = "pydantic-1.10.2-cp38-cp38-musllinux_1_1_i686.whl", hash = "sha256:1ee433e274268a4b0c8fde7ad9d58ecba12b069a033ecc4645bb6303c062d2e9"},
    {file = "pydantic-1.10.2-cp38-cp38-musllinux_1_1_x86_64.whl", hash = "sha256:7c2abc4393dea97a4ccbb4ec7d8658d4e22c4765b7b9b9445588f16c71ad9965"},
    {file = "pydantic-1.10.2-cp38-cp38-win_amd64.whl", hash = "sha256:0b959f4d8211fc964772b595ebb25f7652da3f22322c007b6fed26846a40685e"},
    {file = "pydantic-1.10.2-cp39-cp39-macosx_10_9_x86_64.whl", hash = "sha256:c33602f93bfb67779f9c507e4d69451664524389546bacfe1bee13cae6dc7488"},
    {file = "pydantic-1.10.2-cp39-cp39-macosx_11_0_arm64.whl", hash = "sha256:5760e164b807a48a8f25f8aa1a6d857e6ce62e7ec83ea5d5c5a802eac81bad41"},
    {file = "pydantic-1.10.2-cp39-cp39-manylinux_2_17_x86_64.manylinux2014_x86_64.whl", hash = "sha256:6eb843dcc411b6a2237a694f5e1d649fc66c6064d02b204a7e9d194dff81eb4b"},
    {file = "pydantic-1.10.2-cp39-cp39-manylinux_2_5_i686.manylinux1_i686.manylinux_2_17_i686.manylinux2014_i686.whl", hash = "sha256:4b8795290deaae348c4eba0cebb196e1c6b98bdbe7f50b2d0d9a4a99716342fe"},
    {file = "pydantic-1.10.2-cp39-cp39-musllinux_1_1_i686.whl", hash = "sha256:e0bedafe4bc165ad0a56ac0bd7695df25c50f76961da29c050712596cf092d6d"},
    {file = "pydantic-1.10.2-cp39-cp39-musllinux_1_1_x86_64.whl", hash = "sha256:2e05aed07fa02231dbf03d0adb1be1d79cabb09025dd45aa094aa8b4e7b9dcda"},
    {file = "pydantic-1.10.2-cp39-cp39-win_amd64.whl", hash = "sha256:c1ba1afb396148bbc70e9eaa8c06c1716fdddabaf86e7027c5988bae2a829ab6"},
    {file = "pydantic-1.10.2-py3-none-any.whl", hash = "sha256:1b6ee725bd6e83ec78b1aa32c5b1fa67a3a65badddde3976bca5fe4568f27709"},
    {file = "pydantic-1.10.2.tar.gz", hash = "sha256:91b8e218852ef6007c2b98cd861601c6a09f1aa32bbbb74fab5b1c33d4a1e410"},
]
pyparsing = [
    {file = "pyparsing-3.0.9-py3-none-any.whl", hash = "sha256:5026bae9a10eeaefb61dab2f09052b9f4307d44aee4eda64b309723d8d206bbc"},
    {file = "pyparsing-3.0.9.tar.gz", hash = "sha256:2b020ecf7d21b687f219b71ecad3631f644a47f01403fa1d1036b0c6416d70fb"},
]
pytz = [
    {file = "pytz-2022.6-py2.py3-none-any.whl", hash = "sha256:222439474e9c98fced559f1709d89e6c9cbf8d79c794ff3eb9f8800064291427"},
    {file = "pytz-2022.6.tar.gz", hash = "sha256:e89512406b793ca39f5971bc999cc538ce125c0e51c27941bef4568b460095e2"},
]
pytz-deprecation-shim = [
    {file = "pytz_deprecation_shim-0.1.0.post0-py2.py3-none-any.whl", hash = "sha256:8314c9692a636c8eb3bda879b9f119e350e93223ae83e70e80c31675a0fdc1a6"},
    {file = "pytz_deprecation_shim-0.1.0.post0.tar.gz", hash = "sha256:af097bae1b616dde5c5744441e2ddc69e74dfdcb0c263129610d85b87445a59d"},
]
typing-extensions = [
    {file = "typing_extensions-4.4.0-py3-none-any.whl", hash = "sha256:16fa4864408f655d35ec496218b85f79b3437c829e93320c7c9215ccfd92489e"},
    {file = "typing_extensions-4.4.0.tar.gz", hash = "sha256:1511434bb92bf8dd198c12b1cc812e800d4181cfcb867674e0f8279cc93087aa"},
]
tzdata = [
    {file = "tzdata-2022.6-py2.py3-none-any.whl", hash = "sha256:04a680bdc5b15750c39c12a448885a51134a27ec9af83667663f0b3a1bf3f342"},
    {file = "tzdata-2022.6.tar.gz", hash = "sha256:91f11db4503385928c15598c98573e3af07e7229181bee5375bd30f1695ddcae"},
]
tzlocal = [
    {file = "tzlocal-4.2-py3-none-any.whl", hash = "sha256:89885494684c929d9191c57aa27502afc87a579be5cdd3225c77c463ea043745"},
    {file = "tzlocal-4.2.tar.gz", hash = "sha256:ee5842fa3a795f023514ac2d801c4a81d1743bbe642e3940143326b3a00addd7"},
]
